
Microsoft Visual Studio Solution File, Format Version 12.00
# Visual Studio 14
VisualStudioVersion = 14.0.25420.1
MinimumVisualStudioVersion = 10.0.40219.1
Project("{FAE04EC0-301F-11D3-BF4B-00C04F79EFBC}") = "CarRepairReport.Web", "CarRepairReport\CarRepairReport.Web.csproj", "{7E2929D1-A7D9-4FA4-8B65-72BD2E785FB1}"
EndProject
Project("{FAE04EC0-301F-11D3-BF4B-00C04F79EFBC}") = "CarRepairReport.Tests", "CarRepairReport.Tests\CarRepairReport.Tests.csproj", "{5CA5951B-AF64-4BA0-BBEE-58F6CF923DB8}"
EndProject
Project("{2150E333-8FDC-42A3-9474-1A3956D46DE8}") = "Libraries", "Libraries", "{408BB3D7-E634-42E9-B936-8AB11AD35BD6}"
EndProject
Project("{FAE04EC0-301F-11D3-BF4B-00C04F79EFBC}") = "CarRepairReport.Models", "CarRepairReport.Models\CarRepairReport.Models.csproj", "{C5EA82C7-7BF6-426B-B557-47D75AC30DB3}"
EndProject
Project("{FAE04EC0-301F-11D3-BF4B-00C04F79EFBC}") = "CarRepairReport.Data", "CarRepairReport.Data\CarRepairReport.Data.csproj", "{17D2E0AC-8CB2-4354-BA2D-834D73ADCC86}"
EndProject
Project("{FAE04EC0-301F-11D3-BF4B-00C04F79EFBC}") = "CarRepairReport.Services", "CarRepairReport.Services\CarRepairReport.Services.csproj", "{D58C1656-FCD0-4AAB-B11E-71C01A90F37A}"
EndProject
Project("{FAE04EC0-301F-11D3-BF4B-00C04F79EFBC}") = "CloudStorageApi", "CloudStorageApi\CloudStorageApi.csproj", "{16B9FFBA-4A8F-45B9-BBA0-07313C57A0BA}"
EndProject
Global
	GlobalSection(SolutionConfigurationPlatforms) = preSolution
		Debug|Any CPU = Debug|Any CPU
		Release|Any CPU = Release|Any CPU
	EndGlobalSection
	GlobalSection(ProjectConfigurationPlatforms) = postSolution
		{7E2929D1-A7D9-4FA4-8B65-72BD2E785FB1}.Debug|Any CPU.ActiveCfg = Debug|Any CPU
		{7E2929D1-A7D9-4FA4-8B65-72BD2E785FB1}.Debug|Any CPU.Build.0 = Debug|Any CPU
		{7E2929D1-A7D9-4FA4-8B65-72BD2E785FB1}.Release|Any CPU.ActiveCfg = Release|Any CPU
		{7E2929D1-A7D9-4FA4-8B65-72BD2E785FB1}.Release|Any CPU.Build.0 = Release|Any CPU
		{5CA5951B-AF64-4BA0-BBEE-58F6CF923DB8}.Debug|Any CPU.ActiveCfg = Debug|Any CPU
		{5CA5951B-AF64-4BA0-BBEE-58F6CF923DB8}.Debug|Any CPU.Build.0 = Debug|Any CPU
		{5CA5951B-AF64-4BA0-BBEE-58F6CF923DB8}.Release|Any CPU.ActiveCfg = Release|Any CPU
		{5CA5951B-AF64-4BA0-BBEE-58F6CF923DB8}.Release|Any CPU.Build.0 = Release|Any CPU
		{C5EA82C7-7BF6-426B-B557-47D75AC30DB3}.Debug|Any CPU.ActiveCfg = Debug|Any CPU
		{C5EA82C7-7BF6-426B-B557-47D75AC30DB3}.Debug|Any CPU.Build.0 = Debug|Any CPU
		{C5EA82C7-7BF6-426B-B557-47D75AC30DB3}.Release|Any CPU.ActiveCfg = Release|Any CPU
		{C5EA82C7-7BF6-426B-B557-47D75AC30DB3}.Release|Any CPU.Build.0 = Release|Any CPU
		{17D2E0AC-8CB2-4354-BA2D-834D73ADCC86}.Debug|Any CPU.ActiveCfg = Debug|Any CPU
		{17D2E0AC-8CB2-4354-BA2D-834D73ADCC86}.Debug|Any CPU.Build.0 = Debug|Any CPU
		{17D2E0AC-8CB2-4354-BA2D-834D73ADCC86}.Release|Any CPU.ActiveCfg = Release|Any CPU
		{17D2E0AC-8CB2-4354-BA2D-834D73ADCC86}.Release|Any CPU.Build.0 = Release|Any CPU
		{D58C1656-FCD0-4AAB-B11E-71C01A90F37A}.Debug|Any CPU.ActiveCfg = Debug|Any CPU
		{D58C1656-FCD0-4AAB-B11E-71C01A90F37A}.Debug|Any CPU.Build.0 = Debug|Any CPU
		{D58C1656-FCD0-4AAB-B11E-71C01A90F37A}.Release|Any CPU.ActiveCfg = Release|Any CPU
		{D58C1656-FCD0-4AAB-B11E-71C01A90F37A}.Release|Any CPU.Build.0 = Release|Any CPU
		{16B9FFBA-4A8F-45B9-BBA0-07313C57A0BA}.Debug|Any CPU.ActiveCfg = Debug|Any CPU
		{16B9FFBA-4A8F-45B9-BBA0-07313C57A0BA}.Debug|Any CPU.Build.0 = Debug|Any CPU
		{16B9FFBA-4A8F-45B9-BBA0-07313C57A0BA}.Release|Any CPU.ActiveCfg = Release|Any CPU
		{16B9FFBA-4A8F-45B9-BBA0-07313C57A0BA}.Release|Any CPU.Build.0 = Release|Any CPU
	EndGlobalSection
	GlobalSection(SolutionProperties) = preSolution
		HideSolutionNode = FALSE
	EndGlobalSection
	GlobalSection(NestedProjects) = preSolution
		{C5EA82C7-7BF6-426B-B557-47D75AC30DB3} = {408BB3D7-E634-42E9-B936-8AB11AD35BD6}
		{17D2E0AC-8CB2-4354-BA2D-834D73ADCC86} = {408BB3D7-E634-42E9-B936-8AB11AD35BD6}
		{D58C1656-FCD0-4AAB-B11E-71C01A90F37A} = {408BB3D7-E634-42E9-B936-8AB11AD35BD6}
		{16B9FFBA-4A8F-45B9-BBA0-07313C57A0BA} = {408BB3D7-E634-42E9-B936-8AB11AD35BD6}
	EndGlobalSection
EndGlobal
